# This file was autogenerated by Stack.
# You should not edit this file by hand.
# For more information, please see the documentation at:
#   https://docs.haskellstack.org/en/stable/lock_files

packages:
- completed:
    hackage: neat-interpolation-0.5.1@sha256:19af6ecc2802c6e94655f91e74aa19dc1e02a73ed7b1292c0fa3f082daaf7124,2989
    pantry-tree:
      size: 566
      sha256: c76046884e00551925c43abda1dc25585a9b90a353c7203a62852df285c0840c
  original:
    hackage: neat-interpolation-0.5.1@sha256:19af6ecc2802c6e94655f91e74aa19dc1e02a73ed7b1292c0fa3f082daaf7124,2989
snapshots:
- completed:
    size: 524163
    url: https://raw.githubusercontent.com/commercialhaskell/stackage-snapshots/master/lts/14/25.yaml
    sha256: 97548b4e927a8a862d4a203687ca18a3f5d2ae75b4b72c946fb29c17df1a5082
  original: lts-14.25
